PODS:
  - Alamofire (5.5.0)
  - Cosmos (23.0.0)
  - Realm (10.24.0):
    - Realm/Headers (= 10.24.0)
  - Realm/Headers (10.24.0)
  - RealmSwift (10.24.0):
    - Realm (= 10.24.0)
  - RxCocoa (6.5.0):
    - RxRelay (= 6.5.0)
    - RxSwift (= 6.5.0)
  - RxRelay (6.5.0):
    - RxSwift (= 6.5.0)
  - RxSwift (6.5.0)
  - SDWebImage (5.12.4):
    - SDWebImage/Core (= 5.12.4)
  - SDWebImage/Core (5.12.4)
  - SwiftLint (0.46.5)
  - Swinject (2.6.0)
  - SwinjectStoryboard (2.2.0):
    - Swinject (~> 2.6)

DEPENDENCIES:
  - Alamofire
  - Cosmos
  - RealmSwift
  - RxCocoa
  - RxSwift
  - SDWebImage (~> 5.0)
  - SwiftLint
  - Swinject (= 2.6.0)
  - SwinjectStoryboard

SPEC REPOS:
  trunk:
    - Alamofire
    - Cosmos
    - Realm
    - RealmSwift
    - RxCocoa
    - RxRelay
    - RxSwift
    - SDWebImage
    - SwiftLint
    - Swinject
    - SwinjectStoryboard

SPEC CHECKSUMS:
  Alamofire: 1c4fb5369c3fe93d2857c780d8bbe09f06f97e7c
  Cosmos: b5c6a9a637e28a061b54c8f8b1d8529d7d4db73f
  Realm: 5d6f84e3f65d4efa204d46b461e5bbbbbbf84c6c
  RealmSwift: 9022754b93fad23e1ffc950c93574c5b7899bd51
  RxCocoa: 94f817b71c07517321eb4f9ad299112ca8af743b
  RxRelay: 1de1523e604c72b6c68feadedd1af3b1b4d0ecbd
  RxSwift: 5710a9e6b17f3c3d6e40d6e559b9fa1e813b2ef8
  SDWebImage: 631cf572cc93dfdfe54162e556410a61f1141928
  SwiftLint: 2c16e8fa99dac2e440dc0c70ea74d2532048f6cf
  Swinject: 48a96cda93633cf2860697b4ce76ab5db9ebaca2
  SwinjectStoryboard: 32512ef16c2b0ff5b8f823b23539c4a50f6d3383

PODFILE CHECKSUM: fa9fba715e0e484d1ea61f512dd61dd303f83084

COCOAPODS: 1.11.2
